# This file is automatically @generated by Cargo.
# It is not intended for manual editing.
version = 3

[[package]]
name = "tiny-rng"
version = "0.2.0"
source = "registry+https://github.com/rust-lang/crates.io-index"
checksum = "d63628286617a0c67ee3c4ef92ccf62044e3813ed7376bb82a4586d2ff7974dd"

[[package]]
name = "xpress-calc"
version = "0.1.0"
dependencies = [
 "tiny-rng",
]
